
Microsoft Visual Studio Solution File, Format Version 12.00
# Visual Studio Version 16
VisualStudioVersion = 16.0.31410.357
MinimumVisualStudioVersion = 10.0.40219.1
Project("{9A19103F-16F7-4668-BE54-9A1E7A4F7556}") = "ApiServerSdkAccess", "src\ApiServerSdkAccess.csproj", "{ECED5DCF-AA78-4DFF-974A-A5BE13F6E56B}"
EndProject
Global
	GlobalSection(SolutionConfigurationPlatforms) = preSolution
		Debug|Any CPU = Debug|Any CPU
		Release|Any CPU = Release|Any CPU
	EndGlobalSection
	GlobalSection(ProjectConfigurationPlatforms) = postSolution
		{ECED5DCF-AA78-4DFF-974A-A5BE13F6E56B}.Debug|Any CPU.ActiveCfg = Debug|Any CPU
		{ECED5DCF-AA78-4DFF-974A-A5BE13F6E56B}.Debug|Any CPU.Build.0 = Debug|Any CPU
		{ECED5DCF-AA78-4DFF-974A-A5BE13F6E56B}.Release|Any CPU.ActiveCfg = Release|Any CPU
		{ECED5DCF-AA78-4DFF-974A-A5BE13F6E56B}.Release|Any CPU.Build.0 = Release|Any CPU
	EndGlobalSection
	GlobalSection(SolutionProperties) = preSolution
		HideSolutionNode = FALSE
	EndGlobalSection
	GlobalSection(ExtensibilityGlobals) = postSolution
		SolutionGuid = {274F36FC-F23B-494F-9E56-7B899A9F5289}
	EndGlobalSection
EndGlobal
